
Microsoft Visual Studio Solution File, Format Version 12.00
# Visual Studio Version 16
VisualStudioVersion = 16.0.31624.102
MinimumVisualStudioVersion = 10.0.40219.1
Project("{FAE04EC0-301F-11D3-BF4B-00C04F79EFBC}") = "Notizen.WebMVC", "Notizen.WebMVC\Notizen.WebMVC.csproj", "{24C8A69F-0D53-49F8-AE8F-B0AD8AD92A63}"
EndProject
Project("{FAE04EC0-301F-11D3-BF4B-00C04F79EFBC}") = "Notizen.Data", "Notizen.Data\Notizen.Data.csproj", "{36ECD505-6CBD-4214-8EE2-90666B303750}"
EndProject
Project("{FAE04EC0-301F-11D3-BF4B-00C04F79EFBC}") = "Notizen.Services", "Notizen.Services\Notizen.Services.csproj", "{9EF12DB9-7FA7-48C2-89BA-E4CA880C7708}"
EndProject
Project("{FAE04EC0-301F-11D3-BF4B-00C04F79EFBC}") = "Notizen.Models", "Notizen.Models\Notizen.Models.csproj", "{67D4DE52-8BF9-4BC6-8AA1-E158B3F952AC}"
EndProject
Global
	GlobalSection(SolutionConfigurationPlatforms) = preSolution
		Debug|Any CPU = Debug|Any CPU
		Release|Any CPU = Release|Any CPU
	EndGlobalSection
	GlobalSection(ProjectConfigurationPlatforms) = postSolution
		{24C8A69F-0D53-49F8-AE8F-B0AD8AD92A63}.Debug|Any CPU.ActiveCfg = Debug|Any CPU
		{24C8A69F-0D53-49F8-AE8F-B0AD8AD92A63}.Debug|Any CPU.Build.0 = Debug|Any CPU
		{24C8A69F-0D53-49F8-AE8F-B0AD8AD92A63}.Release|Any CPU.ActiveCfg = Release|Any CPU
		{24C8A69F-0D53-49F8-AE8F-B0AD8AD92A63}.Release|Any CPU.Build.0 = Release|Any CPU
		{36ECD505-6CBD-4214-8EE2-90666B303750}.Debug|Any CPU.ActiveCfg = Debug|Any CPU
		{36ECD505-6CBD-4214-8EE2-90666B303750}.Debug|Any CPU.Build.0 = Debug|Any CPU
		{36ECD505-6CBD-4214-8EE2-90666B303750}.Release|Any CPU.ActiveCfg = Release|Any CPU
		{36ECD505-6CBD-4214-8EE2-90666B303750}.Release|Any CPU.Build.0 = Release|Any CPU
		{9EF12DB9-7FA7-48C2-89BA-E4CA880C7708}.Debug|Any CPU.ActiveCfg = Debug|Any CPU
		{9EF12DB9-7FA7-48C2-89BA-E4CA880C7708}.Debug|Any CPU.Build.0 = Debug|Any CPU
		{9EF12DB9-7FA7-48C2-89BA-E4CA880C7708}.Release|Any CPU.ActiveCfg = Release|Any CPU
		{9EF12DB9-7FA7-48C2-89BA-E4CA880C7708}.Release|Any CPU.Build.0 = Release|Any CPU
		{67D4DE52-8BF9-4BC6-8AA1-E158B3F952AC}.Debug|Any CPU.ActiveCfg = Debug|Any CPU
		{67D4DE52-8BF9-4BC6-8AA1-E158B3F952AC}.Debug|Any CPU.Build.0 = Debug|Any CPU
		{67D4DE52-8BF9-4BC6-8AA1-E158B3F952AC}.Release|Any CPU.ActiveCfg = Release|Any CPU
		{67D4DE52-8BF9-4BC6-8AA1-E158B3F952AC}.Release|Any CPU.Build.0 = Release|Any CPU
	EndGlobalSection
	GlobalSection(SolutionProperties) = preSolution
		HideSolutionNode = FALSE
	EndGlobalSection
	GlobalSection(ExtensibilityGlobals) = postSolution
		SolutionGuid = {31F58857-0E97-42B8-A9CA-EFA17F763F06}
	EndGlobalSection
EndGlobal
